
Microsoft Visual Studio Solution File, Format Version 12.00
# Visual Studio Version 16
VisualStudioVersion = 16.0.31105.61
MinimumVisualStudioVersion = 10.0.40219.1
Project("{F184B08F-C81C-45F6-A57F-5ABD9991F28F}") = "INVENTORY_MS", "INVENTORY_MS\INVENTORY_MS.vbproj", "{14314A40-22CD-4349-B4D4-97194A5B7977}"
EndProject
Global
	GlobalSection(SolutionConfigurationPlatforms) = preSolution
		Debug|Any CPU = Debug|Any CPU
		Release|Any CPU = Release|Any CPU
	EndGlobalSection
	GlobalSection(ProjectConfigurationPlatforms) = postSolution
		{14314A40-22CD-4349-B4D4-97194A5B7977}.Debug|Any CPU.ActiveCfg = Debug|Any CPU
		{14314A40-22CD-4349-B4D4-97194A5B7977}.Debug|Any CPU.Build.0 = Debug|Any CPU
		{14314A40-22CD-4349-B4D4-97194A5B7977}.Release|Any CPU.ActiveCfg = Release|Any CPU
		{14314A40-22CD-4349-B4D4-97194A5B7977}.Release|Any CPU.Build.0 = Release|Any CPU
	EndGlobalSection
	GlobalSection(SolutionProperties) = preSolution
		HideSolutionNode = FALSE
	EndGlobalSection
	GlobalSection(ExtensibilityGlobals) = postSolution
		SolutionGuid = {F1E51340-002B-477D-8CF7-FEF683C1405A}
	EndGlobalSection
EndGlobal
